
Microsoft Visual Studio Solution File, Format Version 12.00
# Visual Studio Version 17
VisualStudioVersion = 17.0.31903.59
MinimumVisualStudioVersion = 10.0.40219.1
Project("{FAE04EC0-301F-11D3-BF4B-00C04F79EFBC}") = "PetShop", "PetShop\PetShop.csproj", "{3D874695-D978-4C03-BC37-A328716E408C}"
EndProject
Project("{FAE04EC0-301F-11D3-BF4B-00C04F79EFBC}") = "consumir", "consumir\consumir.csproj", "{309066FC-EC6E-4EAD-811B-6CEF8119211C}"
EndProject
Global
	GlobalSection(SolutionConfigurationPlatforms) = preSolution
		Debug|Any CPU = Debug|Any CPU
		Release|Any CPU = Release|Any CPU
	EndGlobalSection
	GlobalSection(SolutionProperties) = preSolution
		HideSolutionNode = FALSE
	EndGlobalSection
	GlobalSection(ProjectConfigurationPlatforms) = postSolution
		{3D874695-D978-4C03-BC37-A328716E408C}.Debug|Any CPU.ActiveCfg = Debug|Any CPU
		{3D874695-D978-4C03-BC37-A328716E408C}.Debug|Any CPU.Build.0 = Debug|Any CPU
		{3D874695-D978-4C03-BC37-A328716E408C}.Release|Any CPU.ActiveCfg = Release|Any CPU
		{3D874695-D978-4C03-BC37-A328716E408C}.Release|Any CPU.Build.0 = Release|Any CPU
		{309066FC-EC6E-4EAD-811B-6CEF8119211C}.Debug|Any CPU.ActiveCfg = Debug|Any CPU
		{309066FC-EC6E-4EAD-811B-6CEF8119211C}.Debug|Any CPU.Build.0 = Debug|Any CPU
		{309066FC-EC6E-4EAD-811B-6CEF8119211C}.Release|Any CPU.ActiveCfg = Release|Any CPU
		{309066FC-EC6E-4EAD-811B-6CEF8119211C}.Release|Any CPU.Build.0 = Release|Any CPU
	EndGlobalSection
EndGlobal
